
Microsoft Visual Studio Solution File, Format Version 12.00
# Visual Studio 15
Project("{FAE04EC0-301F-11D3-BF4B-00C04F79EFBC}") = "TestAverage", "TestAverage\TestAverage.csproj", "{2FD5D718-65F7-407C-A8CF-DC411D49B765}"
EndProject
Global
	GlobalSection(SolutionConfigurationPlatforms) = preSolution
		Debug|Any CPU = Debug|Any CPU
		Release|Any CPU = Release|Any CPU
	EndGlobalSection
	GlobalSection(ProjectConfigurationPlatforms) = postSolution
		{2FD5D718-65F7-407C-A8CF-DC411D49B765}.Debug|Any CPU.ActiveCfg = Debug|Any CPU
		{2FD5D718-65F7-407C-A8CF-DC411D49B765}.Debug|Any CPU.Build.0 = Debug|Any CPU
		{2FD5D718-65F7-407C-A8CF-DC411D49B765}.Release|Any CPU.ActiveCfg = Release|Any CPU
		{2FD5D718-65F7-407C-A8CF-DC411D49B765}.Release|Any CPU.Build.0 = Release|Any CPU
	EndGlobalSection
EndGlobal
